// !$*UTF8*$!
{
	archiveVersion = 1;
	classes = {
	};
	objectVersion = 56;
	objects = {

/* Begin PBXBuildFile section */
		F8AEFC862BF7131F00E193DF /* TransparentDraggable.swift in Sources */ = {isa = PBXBuildFile; fileRef = F8AEFC852BF7131F00E193DF /* TransparentDraggable.swift */; };
		F8D9E2ED2BF5C1EA001BF39A /* minimal_timerApp.swift in Sources */ = {isa = PBXBuildFile; fileRef = F8D9E2EC2BF5C1EA001BF39A /* minimal_timerApp.swift */; };
		F8D9E2EF2BF5C1EA001BF39A /* ContentView.swift in Sources */ = {isa = PBXBuildFile; fileRef = F8D9E2EE2BF5C1EA001BF39A /* ContentView.swift */; };
		F8D9E2F12BF5C1EB001BF39A /* Assets.xcassets in Resources */ = {isa = PBXBuildFile; fileRef = F8D9E2F02BF5C1EB001BF39A /* Assets.xcassets */; };
		F8D9E2F52BF5C1EB001BF39A /* Preview Assets.xcassets in Resources */ = {isa = PBXBuildFile; fileRef = F8D9E2F42BF5C1EB001BF39A /* Preview Assets.xcassets */; };
		F8D9E2FF2BF5C1EB001BF39A /* minimal_timerTests.swift in Sources */ = {isa = PBXBuildFile; fileRef = F8D9E2FE2BF5C1EB001BF39A /* minimal_timerTests.swift */; };
		F8D9E3092BF5C1EB001BF39A /* minimal_timerUITests.swift in Sources */ = {isa = PBXBuildFile; fileRef = F8D9E3082BF5C1EB001BF39A /* minimal_timerUITests.swift */; };
		F8D9E30B2BF5C1EB001BF39A /* minimal_timerUITestsLaunchTests.swift in Sources */ = {isa = PBXBuildFile; fileRef = F8D9E30A2BF5C1EB001BF39A /* minimal_timerUITestsLaunchTests.swift */; };
		F8D9E3182BF616DF001BF39A /* NSWindow.swift in Sources */ = {isa = PBXBuildFile; fileRef = F8D9E3172BF616DF001BF39A /* NSWindow.swift */; };
		F8D9E31A2BF616FC001BF39A /* AppDelegate.swift in Sources */ = {isa = PBXBuildFile; fileRef = F8D9E3192BF616FC001BF39A /* AppDelegate.swift */; };
		F8D9E31F2BF62298001BF39A /* TimerModel.swift in Sources */ = {isa = PBXBuildFile; fileRef = F8D9E31E2BF62298001BF39A /* TimerModel.swift */; };
		F8D9E3222BF62383001BF39A /* FloatingTimerView.swift in Sources */ = {isa = PBXBuildFile; fileRef = F8D9E3212BF62383001BF39A /* FloatingTimerView.swift */; };
/* End PBXBuildFile section */

/* Begin PBXContainerItemProxy section */
		F8D9E2FB2BF5C1EB001BF39A /* PBXContainerItemProxy */ = {
			isa = PBXContainerItemProxy;
			containerPortal = F8D9E2E12BF5C1EA001BF39A /* Project object */;
			proxyType = 1;
			remoteGlobalIDString = F8D9E2E82BF5C1EA001BF39A;
			remoteInfo = minimal_timer;
		};
		F8D9E3052BF5C1EB001BF39A /* PBXContainerItemProxy */ = {
			isa = PBXContainerItemProxy;
			containerPortal = F8D9E2E12BF5C1EA001BF39A /* Project object */;
			proxyType = 1;
			remoteGlobalIDString = F8D9E2E82BF5C1EA001BF39A;
			remoteInfo = minimal_timer;
		};
/* End PBXContainerItemProxy section */

/* Begin PBXFileReference section */
		F8AEFC852BF7131F00E193DF /* TransparentDraggable.swift */ = {isa = PBXFileReference; lastKnownFileType = sourcecode.swift; path = TransparentDraggable.swift; sourceTree = "<group>"; };
		F8D9E2E92BF5C1EA001BF39A /* minimal_timer.app */ = {isa = PBXFileReference; explicitFileType = wrapper.application; includeInIndex = 0; path = minimal_timer.app; sourceTree = BUILT_PRODUCTS_DIR; };
		F8D9E2EC2BF5C1EA001BF39A /* minimal_timerApp.swift */ = {isa = PBXFileReference; lastKnownFileType = sourcecode.swift; path = minimal_timerApp.swift; sourceTree = "<group>"; };
		F8D9E2EE2BF5C1EA001BF39A /* ContentView.swift */ = {isa = PBXFileReference; lastKnownFileType = sourcecode.swift; path = ContentView.swift; sourceTree = "<group>"; };
		F8D9E2F02BF5C1EB001BF39A /* Assets.xcassets */ = {isa = PBXFileReference; lastKnownFileType = folder.assetcatalog; path = Assets.xcassets; sourceTree = "<group>"; };
		F8D9E2F22BF5C1EB001BF39A /* minimal_timer.entitlements */ = {isa = PBXFileReference; lastKnownFileType = text.plist.entitlements; path = minimal_timer.entitlements; sourceTree = "<group>"; };
		F8D9E2F42BF5C1EB001BF39A /* Preview Assets.xcassets */ = {isa = PBXFileReference; lastKnownFileType = folder.assetcatalog; path = "Preview Assets.xcassets"; sourceTree = "<group>"; };
		F8D9E2FA2BF5C1EB001BF39A /* minimal_timerTests.xctest */ = {isa = PBXFileReference; explicitFileType = wrapper.cfbundle; includeInIndex = 0; path = minimal_timerTests.xctest; sourceTree = BUILT_PRODUCTS_DIR; };
		F8D9E2FE2BF5C1EB001BF39A /* minimal_timerTests.swift */ = {isa = PBXFileReference; lastKnownFileType = sourcecode.swift; path = minimal_timerTests.swift; sourceTree = "<group>"; };
		F8D9E3042BF5C1EB001BF39A /* minimal_timerUITests.xctest */ = {isa = PBXFileReference; explicitFileType = wrapper.cfbundle; includeInIndex = 0; path = minimal_timerUITests.xctest; sourceTree = BUILT_PRODUCTS_DIR; };
		F8D9E3082BF5C1EB001BF39A /* minimal_timerUITests.swift */ = {isa = PBXFileReference; lastKnownFileType = sourcecode.swift; path = minimal_timerUITests.swift; sourceTree = "<group>"; };
		F8D9E30A2BF5C1EB001BF39A /* minimal_timerUITestsLaunchTests.swift */ = {isa = PBXFileReference; lastKnownFileType = sourcecode.swift; path = minimal_timerUITestsLaunchTests.swift; sourceTree = "<group>"; };
		F8D9E3172BF616DF001BF39A /* NSWindow.swift */ = {isa = PBXFileReference; lastKnownFileType = sourcecode.swift; path = NSWindow.swift; sourceTree = "<group>"; };
		F8D9E3192BF616FC001BF39A /* AppDelegate.swift */ = {isa = PBXFileReference; lastKnownFileType = sourcecode.swift; path = AppDelegate.swift; sourceTree = "<group>"; };
		F8D9E31E2BF62298001BF39A /* TimerModel.swift */ = {isa = PBXFileReference; lastKnownFileType = sourcecode.swift; path = TimerModel.swift; sourceTree = "<group>"; };
		F8D9E3212BF62383001BF39A /* FloatingTimerView.swift */ = {isa = PBXFileReference; lastKnownFileType = sourcecode.swift; path = FloatingTimerView.swift; sourceTree = "<group>"; };
/* End PBXFileReference section */

/* Begin PBXFrameworksBuildPhase section */
		F8D9E2E62BF5C1EA001BF39A /* Frameworks */ = {
			isa = PBXFrameworksBuildPhase;
			buildActionMask = 2147483647;
			files = (
			);
			runOnlyForDeploymentPostprocessing = 0;
		};
		F8D9E2F72BF5C1EB001BF39A /* Frameworks */ = {
			isa = PBXFrameworksBuildPhase;
			buildActionMask = 2147483647;
			files = (
			);
			runOnlyForDeploymentPostprocessing = 0;
		};
		F8D9E3012BF5C1EB001BF39A /* Frameworks */ = {
			isa = PBXFrameworksBuildPhase;
			buildActionMask = 2147483647;
			files = (
			);
			runOnlyForDeploymentPostprocessing = 0;
		};
/* End PBXFrameworksBuildPhase section */

/* Begin PBXGroup section */
		F83226392BF626A000656577 /* model */ = {
			isa = PBXGroup;
			children = (
				F8D9E31E2BF62298001BF39A /* TimerModel.swift */,
			);
			path = model;
			sourceTree = "<group>";
		};
		F8AEFC842BF7130300E193DF /* windows */ = {
			isa = PBXGroup;
			children = (
				F8D9E3172BF616DF001BF39A /* NSWindow.swift */,
				F8AEFC852BF7131F00E193DF /* TransparentDraggable.swift */,
			);
			path = windows;
			sourceTree = "<group>";
		};
		F8D9E2E02BF5C1EA001BF39A = {
			isa = PBXGroup;
			children = (
				F8D9E2EB2BF5C1EA001BF39A /* minimal_timer */,
				F8D9E2FD2BF5C1EB001BF39A /* minimal_timerTests */,
				F8D9E3072BF5C1EB001BF39A /* minimal_timerUITests */,
				F8D9E2EA2BF5C1EA001BF39A /* Products */,
			);
			sourceTree = "<group>";
		};
		F8D9E2EA2BF5C1EA001BF39A /* Products */ = {
			isa = PBXGroup;
			children = (
				F8D9E2E92BF5C1EA001BF39A /* minimal_timer.app */,
				F8D9E2FA2BF5C1EB001BF39A /* minimal_timerTests.xctest */,
				F8D9E3042BF5C1EB001BF39A /* minimal_timerUITests.xctest */,
			);
			name = Products;
			sourceTree = "<group>";
		};
		F8D9E2EB2BF5C1EA001BF39A /* minimal_timer */ = {
			isa = PBXGroup;
			children = (
				F8AEFC842BF7130300E193DF /* windows */,
				F83226392BF626A000656577 /* model */,
				F8D9E3202BF62366001BF39A /* view */,
				F8D9E31B2BF61735001BF39A /* navigation_bar */,
				F8D9E2EC2BF5C1EA001BF39A /* minimal_timerApp.swift */,
				F8D9E2F02BF5C1EB001BF39A /* Assets.xcassets */,
				F8D9E2F22BF5C1EB001BF39A /* minimal_timer.entitlements */,
				F8D9E2F32BF5C1EB001BF39A /* Preview Content */,
			);
			path = minimal_timer;
			sourceTree = "<group>";
		};
		F8D9E2F32BF5C1EB001BF39A /* Preview Content */ = {
			isa = PBXGroup;
			children = (
				F8D9E2F42BF5C1EB001BF39A /* Preview Assets.xcassets */,
			);
			path = "Preview Content";
			sourceTree = "<group>";
		};
		F8D9E2FD2BF5C1EB001BF39A /* minimal_timerTests */ = {
			isa = PBXGroup;
			children = (
				F8D9E2FE2BF5C1EB001BF39A /* minimal_timerTests.swift */,
			);
			path = minimal_timerTests;
			sourceTree = "<group>";
		};
		F8D9E3072BF5C1EB001BF39A /* minimal_timerUITests */ = {
			isa = PBXGroup;
			children = (
				F8D9E3082BF5C1EB001BF39A /* minimal_timerUITests.swift */,
				F8D9E30A2BF5C1EB001BF39A /* minimal_timerUITestsLaunchTests.swift */,
			);
			path = minimal_timerUITests;
			sourceTree = "<group>";
		};
		F8D9E31B2BF61735001BF39A /* navigation_bar */ = {
			isa = PBXGroup;
			children = (
				F8D9E3192BF616FC001BF39A /* AppDelegate.swift */,
			);
			path = navigation_bar;
			sourceTree = "<group>";
		};
		F8D9E3202BF62366001BF39A /* view */ = {
			isa = PBXGroup;
			children = (
				F8D9E2EE2BF5C1EA001BF39A /* ContentView.swift */,
				F8D9E3212BF62383001BF39A /* FloatingTimerView.swift */,
			);
			path = view;
			sourceTree = "<group>";
		};
/* End PBXGroup section */

/* Begin PBXNativeTarget section */
		F8D9E2E82BF5C1EA001BF39A /* minimal_timer */ = {
			isa = PBXNativeTarget;
			buildConfigurationList = F8D9E30E2BF5C1EB001BF39A /* Build configuration list for PBXNativeTarget "minimal_timer" */;
			buildPhases = (
				F8D9E2E52BF5C1EA001BF39A /* Sources */,
				F8D9E2E62BF5C1EA001BF39A /* Frameworks */,
				F8D9E2E72BF5C1EA001BF39A /* Resources */,
			);
			buildRules = (
			);
			dependencies = (
			);
			name = minimal_timer;
			productName = minimal_timer;
			productReference = F8D9E2E92BF5C1EA001BF39A /* minimal_timer.app */;
			productType = "com.apple.product-type.application";
		};
		F8D9E2F92BF5C1EB001BF39A /* minimal_timerTests */ = {
			isa = PBXNativeTarget;
			buildConfigurationList = F8D9E3112BF5C1EB001BF39A /* Build configuration list for PBXNativeTarget "minimal_timerTests" */;
			buildPhases = (
				F8D9E2F62BF5C1EB001BF39A /* Sources */,
				F8D9E2F72BF5C1EB001BF39A /* Frameworks */,
				F8D9E2F82BF5C1EB001BF39A /* Resources */,
			);
			buildRules = (
			);
			dependencies = (
				F8D9E2FC2BF5C1EB001BF39A /* PBXTargetDependency */,
			);
			name = minimal_timerTests;
			productName = minimal_timerTests;
			productReference = F8D9E2FA2BF5C1EB001BF39A /* minimal_timerTests.xctest */;
			productType = "com.apple.product-type.bundle.unit-test";
		};
		F8D9E3032BF5C1EB001BF39A /* minimal_timerUITests */ = {
			isa = PBXNativeTarget;
			buildConfigurationList = F8D9E3142BF5C1EB001BF39A /* Build configuration list for PBXNativeTarget "minimal_timerUITests" */;
			buildPhases = (
				F8D9E3002BF5C1EB001BF39A /* Sources */,
				F8D9E3012BF5C1EB001BF39A /* Frameworks */,
				F8D9E3022BF5C1EB001BF39A /* Resources */,
			);
			buildRules = (
			);
			dependencies = (
				F8D9E3062BF5C1EB001BF39A /* PBXTargetDependency */,
			);
			name = minimal_timerUITests;
			productName = minimal_timerUITests;
			productReference = F8D9E3042BF5C1EB001BF39A /* minimal_timerUITests.xctest */;
			productType = "com.apple.product-type.bundle.ui-testing";
		};
/* End PBXNativeTarget section */

/* Begin PBXProject section */
		F8D9E2E12BF5C1EA001BF39A /* Project object */ = {
			isa = PBXProject;
			attributes = {
				BuildIndependentTargetsInParallel = 1;
				LastSwiftUpdateCheck = 1530;
				LastUpgradeCheck = 1530;
				TargetAttributes = {
					F8D9E2E82BF5C1EA001BF39A = {
						CreatedOnToolsVersion = 15.3;
					};
					F8D9E2F92BF5C1EB001BF39A = {
						CreatedOnToolsVersion = 15.3;
						TestTargetID = F8D9E2E82BF5C1EA001BF39A;
					};
					F8D9E3032BF5C1EB001BF39A = {
						CreatedOnToolsVersion = 15.3;
						TestTargetID = F8D9E2E82BF5C1EA001BF39A;
					};
				};
			};
			buildConfigurationList = F8D9E2E42BF5C1EA001BF39A /* Build configuration list for PBXProject "minimal_timer" */;
			compatibilityVersion = "Xcode 14.0";
			developmentRegion = en;
			hasScannedForEncodings = 0;
			knownRegions = (
				en,
				Base,
			);
			mainGroup = F8D9E2E02BF5C1EA001BF39A;
			productRefGroup = F8D9E2EA2BF5C1EA001BF39A /* Products */;
			projectDirPath = "";
			projectRoot = "";
			targets = (
				F8D9E2E82BF5C1EA001BF39A /* minimal_timer */,
				F8D9E2F92BF5C1EB001BF39A /* minimal_timerTests */,
				F8D9E3032BF5C1EB001BF39A /* minimal_timerUITests */,
			);
		};
/* End PBXProject section */

/* Begin PBXResourcesBuildPhase section */
		F8D9E2E72BF5C1EA001BF39A /* Resources */ = {
			isa = PBXResourcesBuildPhase;
			buildActionMask = 2147483647;
			files = (
				F8D9E2F52BF5C1EB001BF39A /* Preview Assets.xcassets in Resources */,
				F8D9E2F12BF5C1EB001BF39A /* Assets.xcassets in Resources */,
			);
			runOnlyForDeploymentPostprocessing = 0;
		};
		F8D9E2F82BF5C1EB001BF39A /* Resources */ = {
			isa = PBXResourcesBuildPhase;
			buildActionMask = 2147483647;
			files = (
			);
			runOnlyForDeploymentPostprocessing = 0;
		};
		F8D9E3022BF5C1EB001BF39A /* Resources */ = {
			isa = PBXResourcesBuildPhase;
			buildActionMask = 2147483647;
			files = (
			);
			runOnlyForDeploymentPostprocessing = 0;
		};
/* End PBXResourcesBuildPhase section */

/* Begin PBXSourcesBuildPhase section */
		F8D9E2E52BF5C1EA001BF39A /* Sources */ = {
			isa = PBXSourcesBuildPhase;
			buildActionMask = 2147483647;
			files = (
				F8AEFC862BF7131F00E193DF /* TransparentDraggable.swift in Sources */,
				F8D9E31A2BF616FC001BF39A /* AppDelegate.swift in Sources */,
				F8D9E2EF2BF5C1EA001BF39A /* ContentView.swift in Sources */,
				F8D9E3222BF62383001BF39A /* FloatingTimerView.swift in Sources */,
				F8D9E31F2BF62298001BF39A /* TimerModel.swift in Sources */,
				F8D9E2ED2BF5C1EA001BF39A /* minimal_timerApp.swift in Sources */,
				F8D9E3182BF616DF001BF39A /* NSWindow.swift in Sources */,
			);
			runOnlyForDeploymentPostprocessing = 0;
		};
		F8D9E2F62BF5C1EB001BF39A /* Sources */ = {
			isa = PBXSourcesBuildPhase;
			buildActionMask = 2147483647;
			files = (
				F8D9E2FF2BF5C1EB001BF39A /* minimal_timerTests.swift in Sources */,
			);
			runOnlyForDeploymentPostprocessing = 0;
		};
		F8D9E3002BF5C1EB001BF39A /* Sources */ = {
			isa = PBXSourcesBuildPhase;
			buildActionMask = 2147483647;
			files = (
				F8D9E30B2BF5C1EB001BF39A /* minimal_timerUITestsLaunchTests.swift in Sources */,
				F8D9E3092BF5C1EB001BF39A /* minimal_timerUITests.swift in Sources */,
			);
			runOnlyForDeploymentPostprocessing = 0;
		};
/* End PBXSourcesBuildPhase section */

/* Begin PBXTargetDependency section */
		F8D9E2FC2BF5C1EB001BF39A /* PBXTargetDependency */ = {
			isa = PBXTargetDependency;
			target = F8D9E2E82BF5C1EA001BF39A /* minimal_timer */;
			targetProxy = F8D9E2FB2BF5C1EB001BF39A /* PBXContainerItemProxy */;
		};
		F8D9E3062BF5C1EB001BF39A /* PBXTargetDependency */ = {
			isa = PBXTargetDependency;
			target = F8D9E2E82BF5C1EA001BF39A /* minimal_timer */;
			targetProxy = F8D9E3052BF5C1EB001BF39A /* PBXContainerItemProxy */;
		};
/* End PBXTargetDependency section */

/* Begin XCBuildConfiguration section */
		F8D9E30C2BF5C1EB001BF39A /* Debug */ = {
			isa = XCBuildConfiguration;
			buildSettings = {
				ALWAYS_SEARCH_USER_PATHS = NO;
				ASSETCATALOG_COMPILER_GENERATE_SWIFT_ASSET_SYMBOL_EXTENSIONS = YES;
				CLANG_ANALYZER_NONNULL = YES;
				CLANG_ANALYZER_NUMBER_OBJECT_CONVERSION = YES_AGGRESSIVE;
				CLANG_CXX_LANGUAGE_STANDARD = "gnu++20";
				CLANG_ENABLE_MODULES = YES;
				CLANG_ENABLE_OBJC_ARC = YES;
				CLANG_ENABLE_OBJC_WEAK = YES;
				CLANG_WARN_BLOCK_CAPTURE_AUTORELEASING = YES;
				CLANG_WARN_BOOL_CONVERSION = YES;
				CLANG_WARN_COMMA = YES;
				CLANG_WARN_CONSTANT_CONVERSION = YES;
				CLANG_WARN_DEPRECATED_OBJC_IMPLEMENTATIONS = YES;
				CLANG_WARN_DIRECT_OBJC_ISA_USAGE = YES_ERROR;
				CLANG_WARN_DOCUMENTATION_COMMENTS = YES;
				CLANG_WARN_EMPTY_BODY = YES;
				CLANG_WARN_ENUM_CONVERSION = YES;
				CLANG_WARN_INFINITE_RECURSION = YES;
				CLANG_WARN_INT_CONVERSION = YES;
				CLANG_WARN_NON_LITERAL_NULL_CONVERSION = YES;
				CLANG_WARN_OBJC_IMPLICIT_RETAIN_SELF = YES;
				CLANG_WARN_OBJC_LITERAL_CONVERSION = YES;
				CLANG_WARN_OBJC_ROOT_CLASS = YES_ERROR;
				CLANG_WARN_QUOTED_INCLUDE_IN_FRAMEWORK_HEADER = YES;
				CLANG_WARN_RANGE_LOOP_ANALYSIS = YES;
				CLANG_WARN_STRICT_PROTOTYPES = YES;
				CLANG_WARN_SUSPICIOUS_MOVE = YES;
				CLANG_WARN_UNGUARDED_AVAILABILITY = YES_AGGRESSIVE;
				CLANG_WARN_UNREACHABLE_CODE = YES;
				CLANG_WARN__DUPLICATE_METHOD_MATCH = YES;
				COPY_PHASE_STRIP = NO;
				DEBUG_INFORMATION_FORMAT = dwarf;
				ENABLE_STRICT_OBJC_MSGSEND = YES;
				ENABLE_TESTABILITY = YES;
				ENABLE_USER_SCRIPT_SANDBOXING = YES;
				GCC_C_LANGUAGE_STANDARD = gnu17;
				GCC_DYNAMIC_NO_PIC = NO;
				GCC_NO_COMMON_BLOCKS = YES;
				GCC_OPTIMIZATION_LEVEL = 0;
				GCC_PREPROCESSOR_DEFINITIONS = (
					"DEBUG=1",
					"$(inherited)",
				);
				GCC_WARN_64_TO_32_BIT_CONVERSION = YES;
				GCC_WARN_ABOUT_RETURN_TYPE = YES_ERROR;
				GCC_WARN_UNDECLARED_SELECTOR = YES;
				GCC_WARN_UNINITIALIZED_AUTOS = YES_AGGRESSIVE;
				GCC_WARN_UNUSED_FUNCTION = YES;
				GCC_WARN_UNUSED_VARIABLE = YES;
				LOCALIZATION_PREFERS_STRING_CATALOGS = YES;
				MTL_ENABLE_DEBUG_INFO = INCLUDE_SOURCE;
				MTL_FAST_MATH = YES;
				ONLY_ACTIVE_ARCH = YES;
				SWIFT_ACTIVE_COMPILATION_CONDITIONS = "DEBUG $(inherited)";
				SWIFT_OPTIMIZATION_LEVEL = "-Onone";
			};
			name = Debug;
		};
		F8D9E30D2BF5C1EB001BF39A /* Release */ = {
			isa = XCBuildConfiguration;
			buildSettings = {
				ALWAYS_SEARCH_USER_PATHS = NO;
				ASSETCATALOG_COMPILER_GENERATE_SWIFT_ASSET_SYMBOL_EXTENSIONS = YES;
				CLANG_ANALYZER_NONNULL = YES;
				CLANG_ANALYZER_NUMBER_OBJECT_CONVERSION = YES_AGGRESSIVE;
				CLANG_CXX_LANGUAGE_STANDARD = "gnu++20";
				CLANG_ENABLE_MODULES = YES;
				CLANG_ENABLE_OBJC_ARC = YES;
				CLANG_ENABLE_OBJC_WEAK = YES;
				CLANG_WARN_BLOCK_CAPTURE_AUTORELEASING = YES;
				CLANG_WARN_BOOL_CONVERSION = YES;
				CLANG_WARN_COMMA = YES;
				CLANG_WARN_CONSTANT_CONVERSION = YES;
				CLANG_WARN_DEPRECATED_OBJC_IMPLEMENTATIONS = YES;
				CLANG_WARN_DIRECT_OBJC_ISA_USAGE = YES_ERROR;
				CLANG_WARN_DOCUMENTATION_COMMENTS = YES;
				CLANG_WARN_EMPTY_BODY = YES;
				CLANG_WARN_ENUM_CONVERSION = YES;
				CLANG_WARN_INFINITE_RECURSION = YES;
				CLANG_WARN_INT_CONVERSION = YES;
				CLANG_WARN_NON_LITERAL_NULL_CONVERSION = YES;
				CLANG_WARN_OBJC_IMPLICIT_RETAIN_SELF = YES;
				CLANG_WARN_OBJC_LITERAL_CONVERSION = YES;
				CLANG_WARN_OBJC_ROOT_CLASS = YES_ERROR;
				CLANG_WARN_QUOTED_INCLUDE_IN_FRAMEWORK_HEADER = YES;
				CLANG_WARN_RANGE_LOOP_ANALYSIS = YES;
				CLANG_WARN_STRICT_PROTOTYPES = YES;
				CLANG_WARN_SUSPICIOUS_MOVE = YES;
				CLANG_WARN_UNGUARDED_AVAILABILITY = YES_AGGRESSIVE;
				CLANG_WARN_UNREACHABLE_CODE = YES;
				CLANG_WARN__DUPLICATE_METHOD_MATCH = YES;
				COPY_PHASE_STRIP = NO;
				DEBUG_INFORMATION_FORMAT = "dwarf-with-dsym";
				ENABLE_NS_ASSERTIONS = NO;
				ENABLE_STRICT_OBJC_MSGSEND = YES;
				ENABLE_USER_SCRIPT_SANDBOXING = YES;
				GCC_C_LANGUAGE_STANDARD = gnu17;
				GCC_NO_COMMON_BLOCKS = YES;
				GCC_WARN_64_TO_32_BIT_CONVERSION = YES;
				GCC_WARN_ABOUT_RETURN_TYPE = YES_ERROR;
				GCC_WARN_UNDECLARED_SELECTOR = YES;
				GCC_WARN_UNINITIALIZED_AUTOS = YES_AGGRESSIVE;
				GCC_WARN_UNUSED_FUNCTION = YES;
				GCC_WARN_UNUSED_VARIABLE = YES;
				LOCALIZATION_PREFERS_STRING_CATALOGS = YES;
				MTL_ENABLE_DEBUG_INFO = NO;
				MTL_FAST_MATH = YES;
				SWIFT_COMPILATION_MODE = wholemodule;
			};
			name = Release;
		};
		F8D9E30F2BF5C1EB001BF39A /* Debug */ = {
			isa = XCBuildConfiguration;
			buildSettings = {
				ASSETCATALOG_COMPILER_APPICON_NAME = AppIcon;
				ASSETCATALOG_COMPILER_GLOBAL_ACCENT_COLOR_NAME = AccentColor;
				CODE_SIGN_ENTITLEMENTS = minimal_timer/minimal_timer.entitlements;
				CODE_SIGN_STYLE = Automatic;
				CURRENT_PROJECT_VERSION = 1;
				DEVELOPMENT_ASSET_PATHS = "\"minimal_timer/Preview Content\"";
				ENABLE_PREVIEWS = YES;
				GENERATE_INFOPLIST_FILE = YES;
				"INFOPLIST_KEY_UIApplicationSceneManifest_Generation[sdk=iphoneos*]" = YES;
				"INFOPLIST_KEY_UIApplicationSceneManifest_Generation[sdk=iphonesimulator*]" = YES;
				"INFOPLIST_KEY_UIApplicationSupportsIndirectInputEvents[sdk=iphoneos*]" = YES;
				"INFOPLIST_KEY_UIApplicationSupportsIndirectInputEvents[sdk=iphonesimulator*]" = YES;
				"INFOPLIST_KEY_UILaunchScreen_Generation[sdk=iphoneos*]" = YES;
				"INFOPLIST_KEY_UILaunchScreen_Generation[sdk=iphonesimulator*]" = YES;
				"INFOPLIST_KEY_UIStatusBarStyle[sdk=iphoneos*]" = UIStatusBarStyleDefault;
				"INFOPLIST_KEY_UIStatusBarStyle[sdk=iphonesimulator*]" = UIStatusBarStyleDefault;
				INFOPLIST_KEY_UISupportedInterfaceOrientations_iPad = "UIInterfaceOrientationPortrait UIInterfaceOrientationPortraitUpsideDown UIInterfaceOrientationLandscapeLeft UIInterfaceOrientationLandscapeRight";
				INFOPLIST_KEY_UISupportedInterfaceOrientations_iPhone = "UIInterfaceOrientationPortrait UIInterfaceOrientationLandscapeLeft UIInterfaceOrientationLandscapeRight";
				IPHONEOS_DEPLOYMENT_TARGET = 17.4;
				LD_RUNPATH_SEARCH_PATHS = "@executable_path/Frameworks";
				"LD_RUNPATH_SEARCH_PATHS[sdk=macosx*]" = "@executable_path/../Frameworks";
				MACOSX_DEPLOYMENT_TARGET = 14.4;
				MARKETING_VERSION = 1.0;
				PRODUCT_BUNDLE_IDENTIFIER = "com.cho.minimal-timer";
				PRODUCT_NAME = "$(TARGET_NAME)";
				SDKROOT = auto;
				SUPPORTED_PLATFORMS = "iphoneos iphonesimulator macosx";
				SWIFT_EMIT_LOC_STRINGS = YES;
				SWIFT_VERSION = 5.0;
				TARGETED_DEVICE_FAMILY = "1,2";
			};
			name = Debug;
		};
		F8D9E3102BF5C1EB001BF39A /* Release */ = {
			isa = XCBuildConfiguration;
			buildSettings = {
				ASSETCATALOG_COMPILER_APPICON_NAME = AppIcon;
				ASSETCATALOG_COMPILER_GLOBAL_ACCENT_COLOR_NAME = AccentColor;
				CODE_SIGN_ENTITLEMENTS = minimal_timer/minimal_timer.entitlements;
				CODE_SIGN_STYLE = Automatic;
				CURRENT_PROJECT_VERSION = 1;
				DEVELOPMENT_ASSET_PATHS = "\"minimal_timer/Preview Content\"";
				ENABLE_PREVIEWS = YES;
				GENERATE_INFOPLIST_FILE = YES;
				"INFOPLIST_KEY_UIApplicationSceneManifest_Generation[sdk=iphoneos*]" = YES;
				"INFOPLIST_KEY_UIApplicationSceneManifest_Generation[sdk=iphonesimulator*]" = YES;
				"INFOPLIST_KEY_UIApplicationSupportsIndirectInputEvents[sdk=iphoneos*]" = YES;
				"INFOPLIST_KEY_UIApplicationSupportsIndirectInputEvents[sdk=iphonesimulator*]" = YES;
				"INFOPLIST_KEY_UILaunchScreen_Generation[sdk=iphoneos*]" = YES;
				"INFOPLIST_KEY_UILaunchScreen_Generation[sdk=iphonesimulator*]" = YES;
				"INFOPLIST_KEY_UIStatusBarStyle[sdk=iphoneos*]" = UIStatusBarStyleDefault;
				"INFOPLIST_KEY_UIStatusBarStyle[sdk=iphonesimulator*]" = UIStatusBarStyleDefault;
				INFOPLIST_KEY_UISupportedInterfaceOrientations_iPad = "UIInterfaceOrientationPortrait UIInterfaceOrientationPortraitUpsideDown UIInterfaceOrientationLandscapeLeft UIInterfaceOrientationLandscapeRight";
				INFOPLIST_KEY_UISupportedInterfaceOrientations_iPhone = "UIInterfaceOrientationPortrait UIInterfaceOrientationLandscapeLeft UIInterfaceOrientationLandscapeRight";
				IPHONEOS_DEPLOYMENT_TARGET = 17.4;
				LD_RUNPATH_SEARCH_PATHS = "@executable_path/Frameworks";
				"LD_RUNPATH_SEARCH_PATHS[sdk=macosx*]" = "@executable_path/../Frameworks";
				MACOSX_DEPLOYMENT_TARGET = 14.4;
				MARKETING_VERSION = 1.0;
				PRODUCT_BUNDLE_IDENTIFIER = "com.cho.minimal-timer";
				PRODUCT_NAME = "$(TARGET_NAME)";
				SDKROOT = auto;
				SUPPORTED_PLATFORMS = "iphoneos iphonesimulator macosx";
				SWIFT_EMIT_LOC_STRINGS = YES;
				SWIFT_VERSION = 5.0;
				TARGETED_DEVICE_FAMILY = "1,2";
			};
			name = Release;
		};
		F8D9E3122BF5C1EB001BF39A /* Debug */ = {
			isa = XCBuildConfiguration;
			buildSettings = {
				ALWAYS_EMBED_SWIFT_STANDARD_LIBRARIES = YES;
				BUNDLE_LOADER = "$(TEST_HOST)";
				CODE_SIGN_STYLE = Automatic;
				CURRENT_PROJECT_VERSION = 1;
				GENERATE_INFOPLIST_FILE = YES;
				IPHONEOS_DEPLOYMENT_TARGET = 17.4;
				MACOSX_DEPLOYMENT_TARGET = 14.4;
				MARKETING_VERSION = 1.0;
				PRODUCT_BUNDLE_IDENTIFIER = "com.cho.minimal-timerTests";
				PRODUCT_NAME = "$(TARGET_NAME)";
				SDKROOT = auto;
				SUPPORTED_PLATFORMS = "iphoneos iphonesimulator macosx";
				SWIFT_EMIT_LOC_STRINGS = NO;
				SWIFT_VERSION = 5.0;
				TARGETED_DEVICE_FAMILY = "1,2";
				TEST_HOST = "$(BUILT_PRODUCTS_DIR)/minimal_timer.app/$(BUNDLE_EXECUTABLE_FOLDER_PATH)/minimal_timer";
			};
			name = Debug;
		};
		F8D9E3132BF5C1EB001BF39A /* Release */ = {
			isa = XCBuildConfiguration;
			buildSettings = {
				ALWAYS_EMBED_SWIFT_STANDARD_LIBRARIES = YES;
				BUNDLE_LOADER = "$(TEST_HOST)";
				CODE_SIGN_STYLE = Automatic;
				CURRENT_PROJECT_VERSION = 1;
				GENERATE_INFOPLIST_FILE = YES;
				IPHONEOS_DEPLOYMENT_TARGET = 17.4;
				MACOSX_DEPLOYMENT_TARGET = 14.4;
				MARKETING_VERSION = 1.0;
				PRODUCT_BUNDLE_IDENTIFIER = "com.cho.minimal-timerTests";
				PRODUCT_NAME = "$(TARGET_NAME)";
				SDKROOT = auto;
				SUPPORTED_PLATFORMS = "iphoneos iphonesimulator macosx";
				SWIFT_EMIT_LOC_STRINGS = NO;
				SWIFT_VERSION = 5.0;
				TARGETED_DEVICE_FAMILY = "1,2";
				TEST_HOST = "$(BUILT_PRODUCTS_DIR)/minimal_timer.app/$(BUNDLE_EXECUTABLE_FOLDER_PATH)/minimal_timer";
			};
			name = Release;
		};
		F8D9E3152BF5C1EB001BF39A /* Debug */ = {
			isa = XCBuildConfiguration;
			buildSettings = {
				ALWAYS_EMBED_SWIFT_STANDARD_LIBRARIES = YES;
				CODE_SIGN_STYLE = Automatic;
				CURRENT_PROJECT_VERSION = 1;
				GENERATE_INFOPLIST_FILE = YES;
				IPHONEOS_DEPLOYMENT_TARGET = 17.4;
				MACOSX_DEPLOYMENT_TARGET = 14.4;
				MARKETING_VERSION = 1.0;
				PRODUCT_BUNDLE_IDENTIFIER = "com.cho.minimal-timerUITests";
				PRODUCT_NAME = "$(TARGET_NAME)";
				SDKROOT = auto;
				SUPPORTED_PLATFORMS = "iphoneos iphonesimulator macosx";
				SWIFT_EMIT_LOC_STRINGS = NO;
				SWIFT_VERSION = 5.0;
				TARGETED_DEVICE_FAMILY = "1,2";
				TEST_TARGET_NAME = minimal_timer;
			};
			name = Debug;
		};
		F8D9E3162BF5C1EB001BF39A /* Release */ = {
			isa = XCBuildConfiguration;
			buildSettings = {
				ALWAYS_EMBED_SWIFT_STANDARD_LIBRARIES = YES;
				CODE_SIGN_STYLE = Automatic;
				CURRENT_PROJECT_VERSION = 1;
				GENERATE_INFOPLIST_FILE = YES;
				IPHONEOS_DEPLOYMENT_TARGET = 17.4;
				MACOSX_DEPLOYMENT_TARGET = 14.4;
				MARKETING_VERSION = 1.0;
				PRODUCT_BUNDLE_IDENTIFIER = "com.cho.minimal-timerUITests";
				PRODUCT_NAME = "$(TARGET_NAME)";
				SDKROOT = auto;
				SUPPORTED_PLATFORMS = "iphoneos iphonesimulator macosx";
				SWIFT_EMIT_LOC_STRINGS = NO;
				SWIFT_VERSION = 5.0;
				TARGETED_DEVICE_FAMILY = "1,2";
				TEST_TARGET_NAME = minimal_timer;
			};
			name = Release;
		};
/* End XCBuildConfiguration section */

/* Begin XCConfigurationList section */
		F8D9E2E42BF5C1EA001BF39A /* Build configuration list for PBXProject "minimal_timer" */ = {
			isa = XCConfigurationList;
			buildConfigurations = (
				F8D9E30C2BF5C1EB001BF39A /* Debug */,
				F8D9E30D2BF5C1EB001BF39A /* Release */,
			);
			defaultConfigurationIsVisible = 0;
			defaultConfigurationName = Release;
		};
		F8D9E30E2BF5C1EB001BF39A /* Build configuration list for PBXNativeTarget "minimal_timer" */ = {
			isa = XCConfigurationList;
			buildConfigurations = (
				F8D9E30F2BF5C1EB001BF39A /* Debug */,
				F8D9E3102BF5C1EB001BF39A /* Release */,
			);
			defaultConfigurationIsVisible = 0;
			defaultConfigurationName = Release;
		};
		F8D9E3112BF5C1EB001BF39A /* Build configuration list for PBXNativeTarget "minimal_timerTests" */ = {
			isa = XCConfigurationList;
			buildConfigurations = (
				F8D9E3122BF5C1EB001BF39A /* Debug */,
				F8D9E3132BF5C1EB001BF39A /* Release */,
			);
			defaultConfigurationIsVisible = 0;
			defaultConfigurationName = Release;
		};
		F8D9E3142BF5C1EB001BF39A /* Build configuration list for PBXNativeTarget "minimal_timerUITests" */ = {
			isa = XCConfigurationList;
			buildConfigurations = (
				F8D9E3152BF5C1EB001BF39A /* Debug */,
				F8D9E3162BF5C1EB001BF39A /* Release */,
			);
			defaultConfigurationIsVisible = 0;
			defaultConfigurationName = Release;
		};
/* End XCConfigurationList section */
	};
	rootObject = F8D9E2E12BF5C1EA001BF39A /* Project object */;
}
